
Microsoft Visual Studio Solution File, Format Version 12.00
# Visual Studio 15
VisualStudioVersion = 15.0.28307.136
MinimumVisualStudioVersion = 10.0.40219.1
Project("{9A19103F-16F7-4668-BE54-9A1E7A4F7556}") = "LiveDemoBookStores", "LiveDemoBookStores\LiveDemoBookStores.csproj", "{33E52189-0867-436C-AB87-1E67666229E5}"
EndProject
Project("{FAE04EC0-301F-11D3-BF4B-00C04F79EFBC}") = "LiveDemoBookStores.Tests", "LiveDemoBookStores.Tests\LiveDemoBookStores.Tests.csproj", "{2C295CFD-F41B-4D6F-84EE-3015D27E51C1}"
	ProjectSection(ProjectDependencies) = postProject
		{33E52189-0867-436C-AB87-1E67666229E5} = {33E52189-0867-436C-AB87-1E67666229E5}
	EndProjectSection
EndProject
Global
	GlobalSection(SolutionConfigurationPlatforms) = preSolution
		Debug|Any CPU = Debug|Any CPU
		Release|Any CPU = Release|Any CPU
	EndGlobalSection
	GlobalSection(ProjectConfigurationPlatforms) = postSolution
		{33E52189-0867-436C-AB87-1E67666229E5}.Debug|Any CPU.ActiveCfg = Debug|Any CPU
		{33E52189-0867-436C-AB87-1E67666229E5}.Debug|Any CPU.Build.0 = Debug|Any CPU
		{33E52189-0867-436C-AB87-1E67666229E5}.Release|Any CPU.ActiveCfg = Release|Any CPU
		{33E52189-0867-436C-AB87-1E67666229E5}.Release|Any CPU.Build.0 = Release|Any CPU
		{2C295CFD-F41B-4D6F-84EE-3015D27E51C1}.Debug|Any CPU.ActiveCfg = Debug|Any CPU
		{2C295CFD-F41B-4D6F-84EE-3015D27E51C1}.Debug|Any CPU.Build.0 = Debug|Any CPU
		{2C295CFD-F41B-4D6F-84EE-3015D27E51C1}.Release|Any CPU.ActiveCfg = Release|Any CPU
		{2C295CFD-F41B-4D6F-84EE-3015D27E51C1}.Release|Any CPU.Build.0 = Release|Any CPU
	EndGlobalSection
	GlobalSection(SolutionProperties) = preSolution
		HideSolutionNode = FALSE
	EndGlobalSection
	GlobalSection(ExtensibilityGlobals) = postSolution
		SolutionGuid = {84F0AE5C-602C-41F3-AD10-63DE246F3726}
	EndGlobalSection
EndGlobal
